// !$*UTF8*$!
{
	archiveVersion = 1;
	classes = {
	};
	objectVersion = 50;
	objects = {

/* Begin PBXBuildFile section */
		2BBCA0B32825A8C29F2A7626 /* Pods_GroUberTests.framework in Frameworks */ = {isa = PBXBuildFile; fileRef = D94EF83E44D37B1811485DAB /* Pods_GroUberTests.framework */; };
		7A2ADAE221F186D500434337 /* AppDelegate.swift in Sources */ = {isa = PBXBuildFile; fileRef = 7A2ADAE121F186D500434337 /* AppDelegate.swift */; };
		7A2ADAE421F186D500434337 /* ViewController.swift in Sources */ = {isa = PBXBuildFile; fileRef = 7A2ADAE321F186D500434337 /* ViewController.swift */; };
		7A2ADAE721F186D500434337 /* Main.storyboard in Resources */ = {isa = PBXBuildFile; fileRef = 7A2ADAE521F186D500434337 /* Main.storyboard */; };
		7A2ADAE921F186D900434337 /* Assets.xcassets in Resources */ = {isa = PBXBuildFile; fileRef = 7A2ADAE821F186D900434337 /* Assets.xcassets */; };
		7A2ADAEC21F186D900434337 /* LaunchScreen.storyboard in Resources */ = {isa = PBXBuildFile; fileRef = 7A2ADAEA21F186D900434337 /* LaunchScreen.storyboard */; };
		7A2ADAF721F186D900434337 /* GroUberTests.swift in Sources */ = {isa = PBXBuildFile; fileRef = 7A2ADAF621F186D900434337 /* GroUberTests.swift */; };
		7A2ADB0221F186D900434337 /* GroUberUITests.swift in Sources */ = {isa = PBXBuildFile; fileRef = 7A2ADB0121F186D900434337 /* GroUberUITests.swift */; };
		7A7324E42218AFBF009C0094 /* GoogleService-Info.plist in Resources */ = {isa = PBXBuildFile; fileRef = 7A7324E32218AFBF009C0094 /* GoogleService-Info.plist */; };
		7A89839921FCD96B0099C7CD /* AboutViewController.swift in Sources */ = {isa = PBXBuildFile; fileRef = 7A89839821FCD96B0099C7CD /* AboutViewController.swift */; };
		7AE48B4F2218B264008426FA /* CreateAccount.swift in Sources */ = {isa = PBXBuildFile; fileRef = 7AE48B4E2218B264008426FA /* CreateAccount.swift */; };
		830E36D9220A4A5300ADFBDB /* CoverView.swift in Sources */ = {isa = PBXBuildFile; fileRef = 830E36D8220A4A5300ADFBDB /* CoverView.swift */; };
		830E36DD220A4B9300ADFBDB /* CustomTable.swift in Sources */ = {isa = PBXBuildFile; fileRef = 830E36DC220A4B9300ADFBDB /* CustomTable.swift */; };
		830E36DF220DC08F00ADFBDB /* FeedCell.swift in Sources */ = {isa = PBXBuildFile; fileRef = 830E36DE220DC08F00ADFBDB /* FeedCell.swift */; };
		831898C0226E442900120DCD /* ProfileViewController.swift in Sources */ = {isa = PBXBuildFile; fileRef = 831898BF226E442900120DCD /* ProfileViewController.swift */; };
		831898C2226E477000120DCD /* PostReplyViewController.swift in Sources */ = {isa = PBXBuildFile; fileRef = 831898C1226E477000120DCD /* PostReplyViewController.swift */; };
		831898C5226FAD2800120DCD /* MainViewController.swift in Sources */ = {isa = PBXBuildFile; fileRef = 831898C4226FAD2800120DCD /* MainViewController.swift */; };
		836C9AF222495258003C5AE5 /* PostViewController.swift in Sources */ = {isa = PBXBuildFile; fileRef = 836C9AF122495258003C5AE5 /* PostViewController.swift */; };
		83736A38220A37060043A7A4 /* HubViewController.swift in Sources */ = {isa = PBXBuildFile; fileRef = 83736A37220A37060043A7A4 /* HubViewController.swift */; };
		86CA51057CEB3AFC2C79188F /* Pods_GroUberUITests.framework in Frameworks */ = {isa = PBXBuildFile; fileRef = F0CF48066F7D5A50B1404E6C /* Pods_GroUberUITests.framework */; };
		8701B92158B946D3A90C9030 /* Pods_GroUber.framework in Frameworks */ = {isa = PBXBuildFile; fileRef = B4F0F44D26CBBA1816EB5B52 /* Pods_GroUber.framework */; };
/* End PBXBuildFile section */

/* Begin PBXContainerItemProxy section */
		7A2ADAF321F186D900434337 /* PBXContainerItemProxy */ = {
			isa = PBXContainerItemProxy;
			containerPortal = 7A2ADAD621F186D400434337 /* Project object */;
			proxyType = 1;
			remoteGlobalIDString = 7A2ADADD21F186D500434337;
			remoteInfo = GroUber;
		};
		7A2ADAFE21F186D900434337 /* PBXContainerItemProxy */ = {
			isa = PBXContainerItemProxy;
			containerPortal = 7A2ADAD621F186D400434337 /* Project object */;
			proxyType = 1;
			remoteGlobalIDString = 7A2ADADD21F186D500434337;
			remoteInfo = GroUber;
		};
/* End PBXContainerItemProxy section */

/* Begin PBXFileReference section */
		3F2C9F43D37A54FD290EC3A8 /* Pods-GroUberUITests.release.xcconfig */ = {isa = PBXFileReference; includeInIndex = 1; lastKnownFileType = text.xcconfig; name = "Pods-GroUberUITests.release.xcconfig"; path = "Pods/Target Support Files/Pods-GroUberUITests/Pods-GroUberUITests.release.xcconfig"; sourceTree = "<group>"; };
		49E9947A95E57B0AB29B3D52 /* Pods-GroUber.debug.xcconfig */ = {isa = PBXFileReference; includeInIndex = 1; lastKnownFileType = text.xcconfig; name = "Pods-GroUber.debug.xcconfig"; path = "Pods/Target Support Files/Pods-GroUber/Pods-GroUber.debug.xcconfig"; sourceTree = "<group>"; };
		7A2ADADE21F186D500434337 /* GroUber.app */ = {isa = PBXFileReference; explicitFileType = wrapper.application; includeInIndex = 0; path = GroUber.app; sourceTree = BUILT_PRODUCTS_DIR; };
		7A2ADAE121F186D500434337 /* AppDelegate.swift */ = {isa = PBXFileReference; lastKnownFileType = sourcecode.swift; path = AppDelegate.swift; sourceTree = "<group>"; };
		7A2ADAE321F186D500434337 /* ViewController.swift */ = {isa = PBXFileReference; lastKnownFileType = sourcecode.swift; path = ViewController.swift; sourceTree = "<group>"; };
		7A2ADAE621F186D500434337 /* Base */ = {isa = PBXFileReference; lastKnownFileType = file.storyboard; name = Base; path = Base.lproj/Main.storyboard; sourceTree = "<group>"; };
		7A2ADAE821F186D900434337 /* Assets.xcassets */ = {isa = PBXFileReference; lastKnownFileType = folder.assetcatalog; path = Assets.xcassets; sourceTree = "<group>"; };
		7A2ADAEB21F186D900434337 /* Base */ = {isa = PBXFileReference; lastKnownFileType = file.storyboard; name = Base; path = Base.lproj/LaunchScreen.storyboard; sourceTree = "<group>"; };
		7A2ADAED21F186D900434337 /* Info.plist */ = {isa = PBXFileReference; lastKnownFileType = text.plist.xml; path = Info.plist; sourceTree = "<group>"; };
		7A2ADAF221F186D900434337 /* GroUberTests.xctest */ = {isa = PBXFileReference; explicitFileType = wrapper.cfbundle; includeInIndex = 0; path = GroUberTests.xctest; sourceTree = BUILT_PRODUCTS_DIR; };
		7A2ADAF621F186D900434337 /* GroUberTests.swift */ = {isa = PBXFileReference; lastKnownFileType = sourcecode.swift; path = GroUberTests.swift; sourceTree = "<group>"; };
		7A2ADAF821F186D900434337 /* Info.plist */ = {isa = PBXFileReference; lastKnownFileType = text.plist.xml; path = Info.plist; sourceTree = "<group>"; };
		7A2ADAFD21F186D900434337 /* GroUberUITests.xctest */ = {isa = PBXFileReference; explicitFileType = wrapper.cfbundle; includeInIndex = 0; path = GroUberUITests.xctest; sourceTree = BUILT_PRODUCTS_DIR; };
		7A2ADB0121F186D900434337 /* GroUberUITests.swift */ = {isa = PBXFileReference; lastKnownFileType = sourcecode.swift; path = GroUberUITests.swift; sourceTree = "<group>"; };
		7A2ADB0321F186D900434337 /* Info.plist */ = {isa = PBXFileReference; lastKnownFileType = text.plist.xml; path = Info.plist; sourceTree = "<group>"; };
		7A7324E32218AFBF009C0094 /* GoogleService-Info.plist */ = {isa = PBXFileReference; fileEncoding = 4; lastKnownFileType = text.plist.xml; path = "GoogleService-Info.plist"; sourceTree = "<group>"; };
		7A89839821FCD96B0099C7CD /* AboutViewController.swift */ = {isa = PBXFileReference; lastKnownFileType = sourcecode.swift; path = AboutViewController.swift; sourceTree = "<group>"; };
		7AE48B4E2218B264008426FA /* CreateAccount.swift */ = {isa = PBXFileReference; lastKnownFileType = sourcecode.swift; path = CreateAccount.swift; sourceTree = "<group>"; };
		830E36D8220A4A5300ADFBDB /* CoverView.swift */ = {isa = PBXFileReference; lastKnownFileType = sourcecode.swift; path = CoverView.swift; sourceTree = "<group>"; };
		830E36DC220A4B9300ADFBDB /* CustomTable.swift */ = {isa = PBXFileReference; lastKnownFileType = sourcecode.swift; path = CustomTable.swift; sourceTree = "<group>"; };
		830E36DE220DC08F00ADFBDB /* FeedCell.swift */ = {isa = PBXFileReference; lastKnownFileType = sourcecode.swift; path = FeedCell.swift; sourceTree = "<group>"; };
		831898BF226E442900120DCD /* ProfileViewController.swift */ = {isa = PBXFileReference; lastKnownFileType = sourcecode.swift; path = ProfileViewController.swift; sourceTree = "<group>"; };
		831898C1226E477000120DCD /* PostReplyViewController.swift */ = {isa = PBXFileReference; lastKnownFileType = sourcecode.swift; path = PostReplyViewController.swift; sourceTree = "<group>"; };
		831898C4226FAD2800120DCD /* MainViewController.swift */ = {isa = PBXFileReference; lastKnownFileType = sourcecode.swift; path = MainViewController.swift; sourceTree = "<group>"; };
		836C9AF122495258003C5AE5 /* PostViewController.swift */ = {isa = PBXFileReference; lastKnownFileType = sourcecode.swift; path = PostViewController.swift; sourceTree = "<group>"; };
		83736A37220A37060043A7A4 /* HubViewController.swift */ = {isa = PBXFileReference; lastKnownFileType = sourcecode.swift; path = HubViewController.swift; sourceTree = "<group>"; };
		84A0F250E38DEFBD7D4F967A /* Pods-GroUberTests.debug.xcconfig */ = {isa = PBXFileReference; includeInIndex = 1; lastKnownFileType = text.xcconfig; name = "Pods-GroUberTests.debug.xcconfig"; path = "Pods/Target Support Files/Pods-GroUberTests/Pods-GroUberTests.debug.xcconfig"; sourceTree = "<group>"; };
		8CB018BFFEAE52CE1E02AC62 /* Pods-GroUberTests.release.xcconfig */ = {isa = PBXFileReference; includeInIndex = 1; lastKnownFileType = text.xcconfig; name = "Pods-GroUberTests.release.xcconfig"; path = "Pods/Target Support Files/Pods-GroUberTests/Pods-GroUberTests.release.xcconfig"; sourceTree = "<group>"; };
		9C0303D328A12ECE97017DE1 /* Pods-GroUber.release.xcconfig */ = {isa = PBXFileReference; includeInIndex = 1; lastKnownFileType = text.xcconfig; name = "Pods-GroUber.release.xcconfig"; path = "Pods/Target Support Files/Pods-GroUber/Pods-GroUber.release.xcconfig"; sourceTree = "<group>"; };
		B4F0F44D26CBBA1816EB5B52 /* Pods_GroUber.framework */ = {isa = PBXFileReference; explicitFileType = wrapper.framework; includeInIndex = 0; path = Pods_GroUber.framework; sourceTree = BUILT_PRODUCTS_DIR; };
		D94EF83E44D37B1811485DAB /* Pods_GroUberTests.framework */ = {isa = PBXFileReference; explicitFileType = wrapper.framework; includeInIndex = 0; path = Pods_GroUberTests.framework; sourceTree = BUILT_PRODUCTS_DIR; };
		E1E578CBB0035B247032E879 /* Pods-GroUberUITests.debug.xcconfig */ = {isa = PBXFileReference; includeInIndex = 1; lastKnownFileType = text.xcconfig; name = "Pods-GroUberUITests.debug.xcconfig"; path = "Pods/Target Support Files/Pods-GroUberUITests/Pods-GroUberUITests.debug.xcconfig"; sourceTree = "<group>"; };
		F0CF48066F7D5A50B1404E6C /* Pods_GroUberUITests.framework */ = {isa = PBXFileReference; explicitFileType = wrapper.framework; includeInIndex = 0; path = Pods_GroUberUITests.framework; sourceTree = BUILT_PRODUCTS_DIR; };
/* End PBXFileReference section */

/* Begin PBXFrameworksBuildPhase section */
		7A2ADADB21F186D500434337 /* Frameworks */ = {
			isa = PBXFrameworksBuildPhase;
			buildActionMask = 2147483647;
			files = (
				8701B92158B946D3A90C9030 /* Pods_GroUber.framework in Frameworks */,
			);
			runOnlyForDeploymentPostprocessing = 0;
		};
		7A2ADAEF21F186D900434337 /* Frameworks */ = {
			isa = PBXFrameworksBuildPhase;
			buildActionMask = 2147483647;
			files = (
				2BBCA0B32825A8C29F2A7626 /* Pods_GroUberTests.framework in Frameworks */,
			);
			runOnlyForDeploymentPostprocessing = 0;
		};
		7A2ADAFA21F186D900434337 /* Frameworks */ = {
			isa = PBXFrameworksBuildPhase;
			buildActionMask = 2147483647;
			files = (
				86CA51057CEB3AFC2C79188F /* Pods_GroUberUITests.framework in Frameworks */,
			);
			runOnlyForDeploymentPostprocessing = 0;
		};
/* End PBXFrameworksBuildPhase section */

/* Begin PBXGroup section */
		577ED90ED5E85DC09A4931CE /* Pods */ = {
			isa = PBXGroup;
			children = (
				49E9947A95E57B0AB29B3D52 /* Pods-GroUber.debug.xcconfig */,
				9C0303D328A12ECE97017DE1 /* Pods-GroUber.release.xcconfig */,
				84A0F250E38DEFBD7D4F967A /* Pods-GroUberTests.debug.xcconfig */,
				8CB018BFFEAE52CE1E02AC62 /* Pods-GroUberTests.release.xcconfig */,
				E1E578CBB0035B247032E879 /* Pods-GroUberUITests.debug.xcconfig */,
				3F2C9F43D37A54FD290EC3A8 /* Pods-GroUberUITests.release.xcconfig */,
			);
			name = Pods;
			sourceTree = "<group>";
		};
		7A2ADAD521F186D400434337 = {
			isa = PBXGroup;
			children = (
				7A2ADAE021F186D500434337 /* GroUber */,
				7A2ADAF521F186D900434337 /* GroUberTests */,
				7A2ADB0021F186D900434337 /* GroUberUITests */,
				7A2ADADF21F186D500434337 /* Products */,
				577ED90ED5E85DC09A4931CE /* Pods */,
				C1A78E8924AEFB7A0E80BC23 /* Frameworks */,
			);
			sourceTree = "<group>";
		};
		7A2ADADF21F186D500434337 /* Products */ = {
			isa = PBXGroup;
			children = (
				7A2ADADE21F186D500434337 /* GroUber.app */,
				7A2ADAF221F186D900434337 /* GroUberTests.xctest */,
				7A2ADAFD21F186D900434337 /* GroUberUITests.xctest */,
			);
			name = Products;
			sourceTree = "<group>";
		};
		7A2ADAE021F186D500434337 /* GroUber */ = {
			isa = PBXGroup;
			children = (
				7A2ADAE121F186D500434337 /* AppDelegate.swift */,
				830E36DC220A4B9300ADFBDB /* CustomTable.swift */,
				830E36D8220A4A5300ADFBDB /* CoverView.swift */,
				83736A37220A37060043A7A4 /* HubViewController.swift */,
				7A2ADAE321F186D500434337 /* ViewController.swift */,
				7A2ADAE521F186D500434337 /* Main.storyboard */,
				831898C4226FAD2800120DCD /* MainViewController.swift */,
				831898C1226E477000120DCD /* PostReplyViewController.swift */,
				831898BF226E442900120DCD /* ProfileViewController.swift */,
				836C9AF122495258003C5AE5 /* PostViewController.swift */,
				830E36DE220DC08F00ADFBDB /* FeedCell.swift */,
				7A2ADAE821F186D900434337 /* Assets.xcassets */,
				7A2ADAEA21F186D900434337 /* LaunchScreen.storyboard */,
				7A7324E32218AFBF009C0094 /* GoogleService-Info.plist */,
				7A2ADAED21F186D900434337 /* Info.plist */,
				7A89839821FCD96B0099C7CD /* AboutViewController.swift */,
				7AE48B4E2218B264008426FA /* CreateAccount.swift */,
			);
			path = GroUber;
			sourceTree = "<group>";
		};
		7A2ADAF521F186D900434337 /* GroUberTests */ = {
			isa = PBXGroup;
			children = (
				7A2ADAF621F186D900434337 /* GroUberTests.swift */,
				7A2ADAF821F186D900434337 /* Info.plist */,
			);
			path = GroUberTests;
			sourceTree = "<group>";
		};
		7A2ADB0021F186D900434337 /* GroUberUITests */ = {
			isa = PBXGroup;
			children = (
				7A2ADB0121F186D900434337 /* GroUberUITests.swift */,
				7A2ADB0321F186D900434337 /* Info.plist */,
			);
			path = GroUberUITests;
			sourceTree = "<group>";
		};
		C1A78E8924AEFB7A0E80BC23 /* Frameworks */ = {
			isa = PBXGroup;
			children = (
				B4F0F44D26CBBA1816EB5B52 /* Pods_GroUber.framework */,
				D94EF83E44D37B1811485DAB /* Pods_GroUberTests.framework */,
				F0CF48066F7D5A50B1404E6C /* Pods_GroUberUITests.framework */,
			);
			name = Frameworks;
			sourceTree = "<group>";
		};
/* End PBXGroup section */

/* Begin PBXNativeTarget section */
		7A2ADADD21F186D500434337 /* GroUber */ = {
			isa = PBXNativeTarget;
			buildConfigurationList = 7A2ADB0621F186D900434337 /* Build configuration list for PBXNativeTarget "GroUber" */;
			buildPhases = (
				DDFDB08C15DC811B197B8DD6 /* [CP] Check Pods Manifest.lock */,
				7A2ADADA21F186D500434337 /* Sources */,
				7A2ADADB21F186D500434337 /* Frameworks */,
				7A2ADADC21F186D500434337 /* Resources */,
				79BAD2FA9C2723B97362D30B /* [CP] Embed Pods Frameworks */,
			);
			buildRules = (
			);
			dependencies = (
			);
			name = GroUber;
			productName = GroUber;
			productReference = 7A2ADADE21F186D500434337 /* GroUber.app */;
			productType = "com.apple.product-type.application";
		};
		7A2ADAF121F186D900434337 /* GroUberTests */ = {
			isa = PBXNativeTarget;
			buildConfigurationList = 7A2ADB0921F186D900434337 /* Build configuration list for PBXNativeTarget "GroUberTests" */;
			buildPhases = (
				793D3EFB56C91248B6B7336A /* [CP] Check Pods Manifest.lock */,
				7A2ADAEE21F186D900434337 /* Sources */,
				7A2ADAEF21F186D900434337 /* Frameworks */,
				7A2ADAF021F186D900434337 /* Resources */,
			);
			buildRules = (
			);
			dependencies = (
				7A2ADAF421F186D900434337 /* PBXTargetDependency */,
			);
			name = GroUberTests;
			productName = GroUberTests;
			productReference = 7A2ADAF221F186D900434337 /* GroUberTests.xctest */;
			productType = "com.apple.product-type.bundle.unit-test";
		};
		7A2ADAFC21F186D900434337 /* GroUberUITests */ = {
			isa = PBXNativeTarget;
			buildConfigurationList = 7A2ADB0C21F186D900434337 /* Build configuration list for PBXNativeTarget "GroUberUITests" */;
			buildPhases = (
				CD9F4C700462828F01288353 /* [CP] Check Pods Manifest.lock */,
				7A2ADAF921F186D900434337 /* Sources */,
				7A2ADAFA21F186D900434337 /* Frameworks */,
				7A2ADAFB21F186D900434337 /* Resources */,
			);
			buildRules = (
			);
			dependencies = (
				7A2ADAFF21F186D900434337 /* PBXTargetDependency */,
			);
			name = GroUberUITests;
			productName = GroUberUITests;
			productReference = 7A2ADAFD21F186D900434337 /* GroUberUITests.xctest */;
			productType = "com.apple.product-type.bundle.ui-testing";
		};
/* End PBXNativeTarget section */

/* Begin PBXProject section */
		7A2ADAD621F186D400434337 /* Project object */ = {
			isa = PBXProject;
			attributes = {
				LastSwiftUpdateCheck = 1010;
				LastUpgradeCheck = 1010;
				ORGANIZATIONNAME = "Zachary Ward";
				TargetAttributes = {
					7A2ADADD21F186D500434337 = {
						CreatedOnToolsVersion = 10.1;
					};
					7A2ADAF121F186D900434337 = {
						CreatedOnToolsVersion = 10.1;
						TestTargetID = 7A2ADADD21F186D500434337;
					};
					7A2ADAFC21F186D900434337 = {
						CreatedOnToolsVersion = 10.1;
						TestTargetID = 7A2ADADD21F186D500434337;
					};
				};
			};
			buildConfigurationList = 7A2ADAD921F186D400434337 /* Build configuration list for PBXProject "GroUber" */;
			compatibilityVersion = "Xcode 9.3";
			developmentRegion = en;
			hasScannedForEncodings = 0;
			knownRegions = (
				en,
				Base,
			);
			mainGroup = 7A2ADAD521F186D400434337;
			productRefGroup = 7A2ADADF21F186D500434337 /* Products */;
			projectDirPath = "";
			projectRoot = "";
			targets = (
				7A2ADADD21F186D500434337 /* GroUber */,
				7A2ADAF121F186D900434337 /* GroUberTests */,
				7A2ADAFC21F186D900434337 /* GroUberUITests */,
			);
		};
/* End PBXProject section */

/* Begin PBXResourcesBuildPhase section */
		7A2ADADC21F186D500434337 /* Resources */ = {
			isa = PBXResourcesBuildPhase;
			buildActionMask = 2147483647;
			files = (
				7A2ADAEC21F186D900434337 /* LaunchScreen.storyboard in Resources */,
				7A7324E42218AFBF009C0094 /* GoogleService-Info.plist in Resources */,
				7A2ADAE921F186D900434337 /* Assets.xcassets in Resources */,
				7A2ADAE721F186D500434337 /* Main.storyboard in Resources */,
			);
			runOnlyForDeploymentPostprocessing = 0;
		};
		7A2ADAF021F186D900434337 /* Resources */ = {
			isa = PBXResourcesBuildPhase;
			buildActionMask = 2147483647;
			files = (
			);
			runOnlyForDeploymentPostprocessing = 0;
		};
		7A2ADAFB21F186D900434337 /* Resources */ = {
			isa = PBXResourcesBuildPhase;
			buildActionMask = 2147483647;
			files = (
			);
			runOnlyForDeploymentPostprocessing = 0;
		};
/* End PBXResourcesBuildPhase section */

/* Begin PBXShellScriptBuildPhase section */
		793D3EFB56C91248B6B7336A /* [CP] Check Pods Manifest.lock */ = {
			isa = PBXShellScriptBuildPhase;
			buildActionMask = 2147483647;
			files = (
			);
			inputFileListPaths = (
			);
			inputPaths = (
				"${PODS_PODFILE_DIR_PATH}/Podfile.lock",
				"${PODS_ROOT}/Manifest.lock",
			);
			name = "[CP] Check Pods Manifest.lock";
			outputFileListPaths = (
			);
			outputPaths = (
				"$(DERIVED_FILE_DIR)/Pods-GroUberTests-checkManifestLockResult.txt",
			);
			runOnlyForDeploymentPostprocessing = 0;
			shellPath = /bin/sh;
			shellScript = "diff \"${PODS_PODFILE_DIR_PATH}/Podfile.lock\" \"${PODS_ROOT}/Manifest.lock\" > /dev/null\nif [ $? != 0 ] ; then\n    # print error to STDERR\n    echo \"error: The sandbox is not in sync with the Podfile.lock. Run 'pod install' or update your CocoaPods installation.\" >&2\n    exit 1\nfi\n# This output is used by Xcode 'outputs' to avoid re-running this script phase.\necho \"SUCCESS\" > \"${SCRIPT_OUTPUT_FILE_0}\"\n";
			showEnvVarsInLog = 0;
		};
		79BAD2FA9C2723B97362D30B /* [CP] Embed Pods Frameworks */ = {
			isa = PBXShellScriptBuildPhase;
			buildActionMask = 2147483647;
			files = (
			);
			inputFileListPaths = (
			);
			inputPaths = (
				"${PODS_ROOT}/Target Support Files/Pods-GroUber/Pods-GroUber-frameworks.sh",
				"${BUILT_PRODUCTS_DIR}/GTMSessionFetcher/GTMSessionFetcher.framework",
				"${BUILT_PRODUCTS_DIR}/GoogleUtilities/GoogleUtilities.framework",
				"${BUILT_PRODUCTS_DIR}/SVProgressHUD/SVProgressHUD.framework",
				"${BUILT_PRODUCTS_DIR}/leveldb-library/leveldb.framework",
				"${BUILT_PRODUCTS_DIR}/nanopb/nanopb.framework",
			);
			name = "[CP] Embed Pods Frameworks";
			outputFileListPaths = (
			);
			outputPaths = (
				"${TARGET_BUILD_DIR}/${FRAMEWORKS_FOLDER_PATH}/GTMSessionFetcher.framework",
				"${TARGET_BUILD_DIR}/${FRAMEWORKS_FOLDER_PATH}/GoogleUtilities.framework",
				"${TARGET_BUILD_DIR}/${FRAMEWORKS_FOLDER_PATH}/SVProgressHUD.framework",
				"${TARGET_BUILD_DIR}/${FRAMEWORKS_FOLDER_PATH}/leveldb.framework",
				"${TARGET_BUILD_DIR}/${FRAMEWORKS_FOLDER_PATH}/nanopb.framework",
			);
			runOnlyForDeploymentPostprocessing = 0;
			shellPath = /bin/sh;
			shellScript = "\"${PODS_ROOT}/Target Support Files/Pods-GroUber/Pods-GroUber-frameworks.sh\"\n";
			showEnvVarsInLog = 0;
		};
		CD9F4C700462828F01288353 /* [CP] Check Pods Manifest.lock */ = {
			isa = PBXShellScriptBuildPhase;
			buildActionMask = 2147483647;
			files = (
			);
			inputFileListPaths = (
			);
			inputPaths = (
				"${PODS_PODFILE_DIR_PATH}/Podfile.lock",
				"${PODS_ROOT}/Manifest.lock",
			);
			name = "[CP] Check Pods Manifest.lock";
			outputFileListPaths = (
			);
			outputPaths = (
				"$(DERIVED_FILE_DIR)/Pods-GroUberUITests-checkManifestLockResult.txt",
			);
			runOnlyForDeploymentPostprocessing = 0;
			shellPath = /bin/sh;
			shellScript = "diff \"${PODS_PODFILE_DIR_PATH}/Podfile.lock\" \"${PODS_ROOT}/Manifest.lock\" > /dev/null\nif [ $? != 0 ] ; then\n    # print error to STDERR\n    echo \"error: The sandbox is not in sync with the Podfile.lock. Run 'pod install' or update your CocoaPods installation.\" >&2\n    exit 1\nfi\n# This output is used by Xcode 'outputs' to avoid re-running this script phase.\necho \"SUCCESS\" > \"${SCRIPT_OUTPUT_FILE_0}\"\n";
			showEnvVarsInLog = 0;
		};
		DDFDB08C15DC811B197B8DD6 /* [CP] Check Pods Manifest.lock */ = {
			isa = PBXShellScriptBuildPhase;
			buildActionMask = 2147483647;
			files = (
			);
			inputFileListPaths = (
			);
			inputPaths = (
				"${PODS_PODFILE_DIR_PATH}/Podfile.lock",
				"${PODS_ROOT}/Manifest.lock",
			);
			name = "[CP] Check Pods Manifest.lock";
			outputFileListPaths = (
			);
			outputPaths = (
				"$(DERIVED_FILE_DIR)/Pods-GroUber-checkManifestLockResult.txt",
			);
			runOnlyForDeploymentPostprocessing = 0;
			shellPath = /bin/sh;
			shellScript = "diff \"${PODS_PODFILE_DIR_PATH}/Podfile.lock\" \"${PODS_ROOT}/Manifest.lock\" > /dev/null\nif [ $? != 0 ] ; then\n    # print error to STDERR\n    echo \"error: The sandbox is not in sync with the Podfile.lock. Run 'pod install' or update your CocoaPods installation.\" >&2\n    exit 1\nfi\n# This output is used by Xcode 'outputs' to avoid re-running this script phase.\necho \"SUCCESS\" > \"${SCRIPT_OUTPUT_FILE_0}\"\n";
			showEnvVarsInLog = 0;
		};
/* End PBXShellScriptBuildPhase section */

/* Begin PBXSourcesBuildPhase section */
		7A2ADADA21F186D500434337 /* Sources */ = {
			isa = PBXSourcesBuildPhase;
			buildActionMask = 2147483647;
			files = (
				836C9AF222495258003C5AE5 /* PostViewController.swift in Sources */,
				830E36DF220DC08F00ADFBDB /* FeedCell.swift in Sources */,
				831898C0226E442900120DCD /* ProfileViewController.swift in Sources */,
				831898C5226FAD2800120DCD /* MainViewController.swift in Sources */,
				83736A38220A37060043A7A4 /* HubViewController.swift in Sources */,
				830E36D9220A4A5300ADFBDB /* CoverView.swift in Sources */,
				7A2ADAE421F186D500434337 /* ViewController.swift in Sources */,
				7A2ADAE221F186D500434337 /* AppDelegate.swift in Sources */,
				7A89839921FCD96B0099C7CD /* AboutViewController.swift in Sources */,
				830E36DD220A4B9300ADFBDB /* CustomTable.swift in Sources */,
				831898C2226E477000120DCD /* PostReplyViewController.swift in Sources */,
				7AE48B4F2218B264008426FA /* CreateAccount.swift in Sources */,
			);
			runOnlyForDeploymentPostprocessing = 0;
		};
		7A2ADAEE21F186D900434337 /* Sources */ = {
			isa = PBXSourcesBuildPhase;
			buildActionMask = 2147483647;
			files = (
				7A2ADAF721F186D900434337 /* GroUberTests.swift in Sources */,
			);
			runOnlyForDeploymentPostprocessing = 0;
		};
		7A2ADAF921F186D900434337 /* Sources */ = {
			isa = PBXSourcesBuildPhase;
			buildActionMask = 2147483647;
			files = (
				7A2ADB0221F186D900434337 /* GroUberUITests.swift in Sources */,
			);
			runOnlyForDeploymentPostprocessing = 0;
		};
/* End PBXSourcesBuildPhase section */

/* Begin PBXTargetDependency section */
		7A2ADAF421F186D900434337 /* PBXTargetDependency */ = {
			isa = PBXTargetDependency;
			target = 7A2ADADD21F186D500434337 /* GroUber */;
			targetProxy = 7A2ADAF321F186D900434337 /* PBXContainerItemProxy */;
		};
		7A2ADAFF21F186D900434337 /* PBXTargetDependency */ = {
			isa = PBXTargetDependency;
			target = 7A2ADADD21F186D500434337 /* GroUber */;
			targetProxy = 7A2ADAFE21F186D900434337 /* PBXContainerItemProxy */;
		};
/* End PBXTargetDependency section */

/* Begin PBXVariantGroup section */
		7A2ADAE521F186D500434337 /* Main.storyboard */ = {
			isa = PBXVariantGroup;
			children = (
				7A2ADAE621F186D500434337 /* Base */,
			);
			name = Main.storyboard;
			sourceTree = "<group>";
		};
		7A2ADAEA21F186D900434337 /* LaunchScreen.storyboard */ = {
			isa = PBXVariantGroup;
			children = (
				7A2ADAEB21F186D900434337 /* Base */,
			);
			name = LaunchScreen.storyboard;
			sourceTree = "<group>";
		};
/* End PBXVariantGroup section */

/* Begin XCBuildConfiguration section */
		7A2ADB0421F186D900434337 /* Debug */ = {
			isa = XCBuildConfiguration;
			buildSettings = {
				ALWAYS_SEARCH_USER_PATHS = NO;
				CLANG_ANALYZER_NONNULL = YES;
				CLANG_ANALYZER_NUMBER_OBJECT_CONVERSION = YES_AGGRESSIVE;
				CLANG_CXX_LANGUAGE_STANDARD = "gnu++14";
				CLANG_CXX_LIBRARY = "libc++";
				CLANG_ENABLE_MODULES = YES;
				CLANG_ENABLE_OBJC_ARC = YES;
				CLANG_ENABLE_OBJC_WEAK = YES;
				CLANG_WARN_BLOCK_CAPTURE_AUTORELEASING = YES;
				CLANG_WARN_BOOL_CONVERSION = YES;
				CLANG_WARN_COMMA = YES;
				CLANG_WARN_CONSTANT_CONVERSION = YES;
				CLANG_WARN_DEPRECATED_OBJC_IMPLEMENTATIONS = YES;
				CLANG_WARN_DIRECT_OBJC_ISA_USAGE = YES_ERROR;
				CLANG_WARN_DOCUMENTATION_COMMENTS = YES;
				CLANG_WARN_EMPTY_BODY = YES;
				CLANG_WARN_ENUM_CONVERSION = YES;
				CLANG_WARN_INFINITE_RECURSION = YES;
				CLANG_WARN_INT_CONVERSION = YES;
				CLANG_WARN_NON_LITERAL_NULL_CONVERSION = YES;
				CLANG_WARN_OBJC_IMPLICIT_RETAIN_SELF = YES;
				CLANG_WARN_OBJC_LITERAL_CONVERSION = YES;
				CLANG_WARN_OBJC_ROOT_CLASS = YES_ERROR;
				CLANG_WARN_RANGE_LOOP_ANALYSIS = YES;
				CLANG_WARN_STRICT_PROTOTYPES = YES;
				CLANG_WARN_SUSPICIOUS_MOVE = YES;
				CLANG_WARN_UNGUARDED_AVAILABILITY = YES_AGGRESSIVE;
				CLANG_WARN_UNREACHABLE_CODE = YES;
				CLANG_WARN__DUPLICATE_METHOD_MATCH = YES;
				CODE_SIGN_IDENTITY = "iPhone Developer";
				COPY_PHASE_STRIP = NO;
				DEBUG_INFORMATION_FORMAT = dwarf;
				ENABLE_STRICT_OBJC_MSGSEND = YES;
				ENABLE_TESTABILITY = YES;
				GCC_C_LANGUAGE_STANDARD = gnu11;
				GCC_DYNAMIC_NO_PIC = NO;
				GCC_NO_COMMON_BLOCKS = YES;
				GCC_OPTIMIZATION_LEVEL = 0;
				GCC_PREPROCESSOR_DEFINITIONS = (
					"DEBUG=1",
					"$(inherited)",
				);
				GCC_WARN_64_TO_32_BIT_CONVERSION = YES;
				GCC_WARN_ABOUT_RETURN_TYPE = YES_ERROR;
				GCC_WARN_UNDECLARED_SELECTOR = YES;
				GCC_WARN_UNINITIALIZED_AUTOS = YES_AGGRESSIVE;
				GCC_WARN_UNUSED_FUNCTION = YES;
				GCC_WARN_UNUSED_VARIABLE = YES;
				IPHONEOS_DEPLOYMENT_TARGET = 12.1;
				MTL_ENABLE_DEBUG_INFO = INCLUDE_SOURCE;
				MTL_FAST_MATH = YES;
				ONLY_ACTIVE_ARCH = YES;
				SDKROOT = iphoneos;
				SWIFT_ACTIVE_COMPILATION_CONDITIONS = DEBUG;
				SWIFT_OPTIMIZATION_LEVEL = "-Onone";
			};
			name = Debug;
		};
		7A2ADB0521F186D900434337 /* Release */ = {
			isa = XCBuildConfiguration;
			buildSettings = {
				ALWAYS_SEARCH_USER_PATHS = NO;
				CLANG_ANALYZER_NONNULL = YES;
				CLANG_ANALYZER_NUMBER_OBJECT_CONVERSION = YES_AGGRESSIVE;
				CLANG_CXX_LANGUAGE_STANDARD = "gnu++14";
				CLANG_CXX_LIBRARY = "libc++";
				CLANG_ENABLE_MODULES = YES;
				CLANG_ENABLE_OBJC_ARC = YES;
				CLANG_ENABLE_OBJC_WEAK = YES;
				CLANG_WARN_BLOCK_CAPTURE_AUTORELEASING = YES;
				CLANG_WARN_BOOL_CONVERSION = YES;
				CLANG_WARN_COMMA = YES;
				CLANG_WARN_CONSTANT_CONVERSION = YES;
				CLANG_WARN_DEPRECATED_OBJC_IMPLEMENTATIONS = YES;
				CLANG_WARN_DIRECT_OBJC_ISA_USAGE = YES_ERROR;
				CLANG_WARN_DOCUMENTATION_COMMENTS = YES;
				CLANG_WARN_EMPTY_BODY = YES;
				CLANG_WARN_ENUM_CONVERSION = YES;
				CLANG_WARN_INFINITE_RECURSION = YES;
				CLANG_WARN_INT_CONVERSION = YES;
				CLANG_WARN_NON_LITERAL_NULL_CONVERSION = YES;
				CLANG_WARN_OBJC_IMPLICIT_RETAIN_SELF = YES;
				CLANG_WARN_OBJC_LITERAL_CONVERSION = YES;
				CLANG_WARN_OBJC_ROOT_CLASS = YES_ERROR;
				CLANG_WARN_RANGE_LOOP_ANALYSIS = YES;
				CLANG_WARN_STRICT_PROTOTYPES = YES;
				CLANG_WARN_SUSPICIOUS_MOVE = YES;
				CLANG_WARN_UNGUARDED_AVAILABILITY = YES_AGGRESSIVE;
				CLANG_WARN_UNREACHABLE_CODE = YES;
				CLANG_WARN__DUPLICATE_METHOD_MATCH = YES;
				CODE_SIGN_IDENTITY = "iPhone Developer";
				COPY_PHASE_STRIP = NO;
				DEBUG_INFORMATION_FORMAT = "dwarf-with-dsym";
				ENABLE_NS_ASSERTIONS = NO;
				ENABLE_STRICT_OBJC_MSGSEND = YES;
				GCC_C_LANGUAGE_STANDARD = gnu11;
				GCC_NO_COMMON_BLOCKS = YES;
				GCC_WARN_64_TO_32_BIT_CONVERSION = YES;
				GCC_WARN_ABOUT_RETURN_TYPE = YES_ERROR;
				GCC_WARN_UNDECLARED_SELECTOR = YES;
				GCC_WARN_UNINITIALIZED_AUTOS = YES_AGGRESSIVE;
				GCC_WARN_UNUSED_FUNCTION = YES;
				GCC_WARN_UNUSED_VARIABLE = YES;
				IPHONEOS_DEPLOYMENT_TARGET = 12.1;
				MTL_ENABLE_DEBUG_INFO = NO;
				MTL_FAST_MATH = YES;
				SDKROOT = iphoneos;
				SWIFT_COMPILATION_MODE = wholemodule;
				SWIFT_OPTIMIZATION_LEVEL = "-O";
				VALIDATE_PRODUCT = YES;
			};
			name = Release;
		};
		7A2ADB0721F186D900434337 /* Debug */ = {
			isa = XCBuildConfiguration;
			baseConfigurationReference = 49E9947A95E57B0AB29B3D52 /* Pods-GroUber.debug.xcconfig */;
			buildSettings = {
				ASSETCATALOG_COMPILER_APPICON_NAME = AppIcon;
				CODE_SIGN_STYLE = Automatic;
				DEVELOPMENT_TEAM = HE3L22C6VW;
				INFOPLIST_FILE = GroUber/Info.plist;
				LD_RUNPATH_SEARCH_PATHS = (
					"$(inherited)",
					"@executable_path/Frameworks",
				);
				PRODUCT_BUNDLE_IDENTIFIER = RPI.GroUber;
				PRODUCT_NAME = "$(TARGET_NAME)";
				SWIFT_VERSION = 4.2;
				TARGETED_DEVICE_FAMILY = "1,2";
			};
			name = Debug;
		};
		7A2ADB0821F186D900434337 /* Release */ = {
			isa = XCBuildConfiguration;
			baseConfigurationReference = 9C0303D328A12ECE97017DE1 /* Pods-GroUber.release.xcconfig */;
			buildSettings = {
				ASSETCATALOG_COMPILER_APPICON_NAME = AppIcon;
				CODE_SIGN_STYLE = Automatic;
				DEVELOPMENT_TEAM = HE3L22C6VW;
				INFOPLIST_FILE = GroUber/Info.plist;
				LD_RUNPATH_SEARCH_PATHS = (
					"$(inherited)",
					"@executable_path/Frameworks",
				);
				PRODUCT_BUNDLE_IDENTIFIER = RPI.GroUber;
				PRODUCT_NAME = "$(TARGET_NAME)";
				SWIFT_VERSION = 4.2;
				TARGETED_DEVICE_FAMILY = "1,2";
			};
			name = Release;
		};
		7A2ADB0A21F186D900434337 /* Debug */ = {
			isa = XCBuildConfiguration;
			baseConfigurationReference = 84A0F250E38DEFBD7D4F967A /* Pods-GroUberTests.debug.xcconfig */;
			buildSettings = {
				ALWAYS_EMBED_SWIFT_STANDARD_LIBRARIES = YES;
				BUNDLE_LOADER = "$(TEST_HOST)";
				CODE_SIGN_STYLE = Automatic;
				INFOPLIST_FILE = GroUberTests/Info.plist;
				LD_RUNPATH_SEARCH_PATHS = (
					"$(inherited)",
					"@executable_path/Frameworks",
					"@loader_path/Frameworks",
				);
				PRODUCT_BUNDLE_IDENTIFIER = RPI.GroUberTests;
				PRODUCT_NAME = "$(TARGET_NAME)";
				SWIFT_VERSION = 4.2;
				TARGETED_DEVICE_FAMILY = "1,2";
				TEST_HOST = "$(BUILT_PRODUCTS_DIR)/GroUber.app/GroUber";
			};
			name = Debug;
		};
		7A2ADB0B21F186D900434337 /* Release */ = {
			isa = XCBuildConfiguration;
			baseConfigurationReference = 8CB018BFFEAE52CE1E02AC62 /* Pods-GroUberTests.release.xcconfig */;
			buildSettings = {
				ALWAYS_EMBED_SWIFT_STANDARD_LIBRARIES = YES;
				BUNDLE_LOADER = "$(TEST_HOST)";
				CODE_SIGN_STYLE = Automatic;
				INFOPLIST_FILE = GroUberTests/Info.plist;
				LD_RUNPATH_SEARCH_PATHS = (
					"$(inherited)",
					"@executable_path/Frameworks",
					"@loader_path/Frameworks",
				);
				PRODUCT_BUNDLE_IDENTIFIER = RPI.GroUberTests;
				PRODUCT_NAME = "$(TARGET_NAME)";
				SWIFT_VERSION = 4.2;
				TARGETED_DEVICE_FAMILY = "1,2";
				TEST_HOST = "$(BUILT_PRODUCTS_DIR)/GroUber.app/GroUber";
			};
			name = Release;
		};
		7A2ADB0D21F186D900434337 /* Debug */ = {
			isa = XCBuildConfiguration;
			baseConfigurationReference = E1E578CBB0035B247032E879 /* Pods-GroUberUITests.debug.xcconfig */;
			buildSettings = {
				ALWAYS_EMBED_SWIFT_STANDARD_LIBRARIES = YES;
				CODE_SIGN_STYLE = Automatic;
				INFOPLIST_FILE = GroUberUITests/Info.plist;
				LD_RUNPATH_SEARCH_PATHS = (
					"$(inherited)",
					"@executable_path/Frameworks",
					"@loader_path/Frameworks",
				);
				PRODUCT_BUNDLE_IDENTIFIER = RPI.GroUberUITests;
				PRODUCT_NAME = "$(TARGET_NAME)";
				SWIFT_VERSION = 4.2;
				TARGETED_DEVICE_FAMILY = "1,2";
				TEST_TARGET_NAME = GroUber;
			};
			name = Debug;
		};
		7A2ADB0E21F186D900434337 /* Release */ = {
			isa = XCBuildConfiguration;
			baseConfigurationReference = 3F2C9F43D37A54FD290EC3A8 /* Pods-GroUberUITests.release.xcconfig */;
			buildSettings = {
				ALWAYS_EMBED_SWIFT_STANDARD_LIBRARIES = YES;
				CODE_SIGN_STYLE = Automatic;
				INFOPLIST_FILE = GroUberUITests/Info.plist;
				LD_RUNPATH_SEARCH_PATHS = (
					"$(inherited)",
					"@executable_path/Frameworks",
					"@loader_path/Frameworks",
				);
				PRODUCT_BUNDLE_IDENTIFIER = RPI.GroUberUITests;
				PRODUCT_NAME = "$(TARGET_NAME)";
				SWIFT_VERSION = 4.2;
				TARGETED_DEVICE_FAMILY = "1,2";
				TEST_TARGET_NAME = GroUber;
			};
			name = Release;
		};
/* End XCBuildConfiguration section */

/* Begin XCConfigurationList section */
		7A2ADAD921F186D400434337 /* Build configuration list for PBXProject "GroUber" */ = {
			isa = XCConfigurationList;
			buildConfigurations = (
				7A2ADB0421F186D900434337 /* Debug */,
				7A2ADB0521F186D900434337 /* Release */,
			);
			defaultConfigurationIsVisible = 0;
			defaultConfigurationName = Release;
		};
		7A2ADB0621F186D900434337 /* Build configuration list for PBXNativeTarget "GroUber" */ = {
			isa = XCConfigurationList;
			buildConfigurations = (
				7A2ADB0721F186D900434337 /* Debug */,
				7A2ADB0821F186D900434337 /* Release */,
			);
			defaultConfigurationIsVisible = 0;
			defaultConfigurationName = Release;
		};
		7A2ADB0921F186D900434337 /* Build configuration list for PBXNativeTarget "GroUberTests" */ = {
			isa = XCConfigurationList;
			buildConfigurations = (
				7A2ADB0A21F186D900434337 /* Debug */,
				7A2ADB0B21F186D900434337 /* Release */,
			);
			defaultConfigurationIsVisible = 0;
			defaultConfigurationName = Release;
		};
		7A2ADB0C21F186D900434337 /* Build configuration list for PBXNativeTarget "GroUberUITests" */ = {
			isa = XCConfigurationList;
			buildConfigurations = (
				7A2ADB0D21F186D900434337 /* Debug */,
				7A2ADB0E21F186D900434337 /* Release */,
			);
			defaultConfigurationIsVisible = 0;
			defaultConfigurationName = Release;
		};
/* End XCConfigurationList section */
	};
	rootObject = 7A2ADAD621F186D400434337 /* Project object */;
}
